
Microsoft Visual Studio Solution File, Format Version 12.00
# Visual Studio 15
VisualStudioVersion = 15.0.28307.1500
MinimumVisualStudioVersion = 10.0.40219.1
Project("{FAE04EC0-301F-11D3-BF4B-00C04F79EFBC}") = "pipServer", "pipServer.csproj", "{9C8B6532-C0E3-4A2F-ADC3-16DCF6A9CAC1}"
EndProject
Project("{FAE04EC0-301F-11D3-BF4B-00C04F79EFBC}") = "IPC_RemoteObject", "..\IPC_RemoteObject\IPC_RemoteObject.csproj", "{C3CC21A9-E93A-4208-8883-AB823AA6E5A0}"
EndProject
Global
	GlobalSection(SolutionConfigurationPlatforms) = preSolution
		Debug|Any CPU = Debug|Any CPU
		Release|Any CPU = Release|Any CPU
	EndGlobalSection
	GlobalSection(ProjectConfigurationPlatforms) = postSolution
		{9C8B6532-C0E3-4A2F-ADC3-16DCF6A9CAC1}.Debug|Any CPU.ActiveCfg = Debug|Any CPU
		{9C8B6532-C0E3-4A2F-ADC3-16DCF6A9CAC1}.Debug|Any CPU.Build.0 = Debug|Any CPU
		{9C8B6532-C0E3-4A2F-ADC3-16DCF6A9CAC1}.Release|Any CPU.ActiveCfg = Release|Any CPU
		{9C8B6532-C0E3-4A2F-ADC3-16DCF6A9CAC1}.Release|Any CPU.Build.0 = Release|Any CPU
		{C3CC21A9-E93A-4208-8883-AB823AA6E5A0}.Debug|Any CPU.ActiveCfg = Debug|Any CPU
		{C3CC21A9-E93A-4208-8883-AB823AA6E5A0}.Debug|Any CPU.Build.0 = Debug|Any CPU
		{C3CC21A9-E93A-4208-8883-AB823AA6E5A0}.Release|Any CPU.ActiveCfg = Release|Any CPU
		{C3CC21A9-E93A-4208-8883-AB823AA6E5A0}.Release|Any CPU.Build.0 = Release|Any CPU
	EndGlobalSection
	GlobalSection(SolutionProperties) = preSolution
		HideSolutionNode = FALSE
	EndGlobalSection
	GlobalSection(ExtensibilityGlobals) = postSolution
		SolutionGuid = {32F39023-C34F-4F33-AA53-307D5A8FD620}
	EndGlobalSection
EndGlobal
