
Microsoft Visual Studio Solution File, Format Version 12.00
# Visual Studio 15
VisualStudioVersion = 15.0.28307.1972
MinimumVisualStudioVersion = 10.0.40219.1
Project("{FAE04EC0-301F-11D3-BF4B-00C04F79EFBC}") = "RerialComm", "RerialComm.csproj", "{F4691777-7AB1-425F-915F-067DDCC31499}"
EndProject
Global
	GlobalSection(SolutionConfigurationPlatforms) = preSolution
		Debug|Any CPU = Debug|Any CPU
		Release|Any CPU = Release|Any CPU
	EndGlobalSection
	GlobalSection(ProjectConfigurationPlatforms) = postSolution
		{F4691777-7AB1-425F-915F-067DDCC31499}.Debug|Any CPU.ActiveCfg = Debug|Any CPU
		{F4691777-7AB1-425F-915F-067DDCC31499}.Debug|Any CPU.Build.0 = Debug|Any CPU
		{F4691777-7AB1-425F-915F-067DDCC31499}.Release|Any CPU.ActiveCfg = Release|Any CPU
		{F4691777-7AB1-425F-915F-067DDCC31499}.Release|Any CPU.Build.0 = Release|Any CPU
	EndGlobalSection
	GlobalSection(SolutionProperties) = preSolution
		HideSolutionNode = FALSE
	EndGlobalSection
	GlobalSection(ExtensibilityGlobals) = postSolution
		SolutionGuid = {62493775-F803-40B0-A539-35D860D7C4E6}
	EndGlobalSection
EndGlobal
